
Microsoft Visual Studio Solution File, Format Version 12.00
# Visual Studio Version 17
VisualStudioVersion = 17.4.33122.133
MinimumVisualStudioVersion = 10.0.40219.1
Project("{8BC9CEB8-8B4A-11D0-8D11-00A0C91BC942}") = "RomanToInt", "RomanToInt\RomanToInt.vcxproj", "{923CDD91-29E4-4D69-BBC3-59CC05E4B239}"
EndProject
Global
	GlobalSection(SolutionConfigurationPlatforms) = preSolution
		Debug|x64 = Debug|x64
		Debug|x86 = Debug|x86
		Release|x64 = Release|x64
		Release|x86 = Release|x86
	EndGlobalSection
	GlobalSection(ProjectConfigurationPlatforms) = postSolution
		{923CDD91-29E4-4D69-BBC3-59CC05E4B239}.Debug|x64.ActiveCfg = Debug|x64
		{923CDD91-29E4-4D69-BBC3-59CC05E4B239}.Debug|x64.Build.0 = Debug|x64
		{923CDD91-29E4-4D69-BBC3-59CC05E4B239}.Debug|x86.ActiveCfg = Debug|Win32
		{923CDD91-29E4-4D69-BBC3-59CC05E4B239}.Debug|x86.Build.0 = Debug|Win32
		{923CDD91-29E4-4D69-BBC3-59CC05E4B239}.Release|x64.ActiveCfg = Release|x64
		{923CDD91-29E4-4D69-BBC3-59CC05E4B239}.Release|x64.Build.0 = Release|x64
		{923CDD91-29E4-4D69-BBC3-59CC05E4B239}.Release|x86.ActiveCfg = Release|Win32
		{923CDD91-29E4-4D69-BBC3-59CC05E4B239}.Release|x86.Build.0 = Release|Win32
	EndGlobalSection
	GlobalSection(SolutionProperties) = preSolution
		HideSolutionNode = FALSE
	EndGlobalSection
	GlobalSection(ExtensibilityGlobals) = postSolution
		SolutionGuid = {07607F77-6037-47DD-8305-4FD54B804560}
	EndGlobalSection
EndGlobal
